// !$*UTF8*$!
{
	archiveVersion = 1;
	classes = {
	};
	objectVersion = 50;
	objects = {

/* Begin PBXBuildFile section */
		7F2FB592223BE6A20073D73A /* AppDelegate.swift in Sources */ = {isa = PBXBuildFile; fileRef = 7F2FB591223BE6A20073D73A /* AppDelegate.swift */; };
		7F2FB596223BE6A40073D73A /* Assets.xcassets in Resources */ = {isa = PBXBuildFile; fileRef = 7F2FB595223BE6A40073D73A /* Assets.xcassets */; };
		7F2FB599223BE6A40073D73A /* Main.storyboard in Resources */ = {isa = PBXBuildFile; fileRef = 7F2FB597223BE6A40073D73A /* Main.storyboard */; };
		7F2FB5A5223BE6A40073D73A /* inventorySyncTests.swift in Sources */ = {isa = PBXBuildFile; fileRef = 7F2FB5A4223BE6A40073D73A /* inventorySyncTests.swift */; };
		7F2FB5B0223BE6A40073D73A /* inventorySyncUITests.swift in Sources */ = {isa = PBXBuildFile; fileRef = 7F2FB5AF223BE6A40073D73A /* inventorySyncUITests.swift */; };
		7F2FB5CE223C208E0073D73A /* python in Resources */ = {isa = PBXBuildFile; fileRef = 7F2FB5CD223C208E0073D73A /* python */; };
		7F4C0F3122568298006E72A0 /* ViewController.swift in Sources */ = {isa = PBXBuildFile; fileRef = 7F4C0F3022568298006E72A0 /* ViewController.swift */; };
		7F4C0F35225685AC006E72A0 /* loginWindow.swift in Sources */ = {isa = PBXBuildFile; fileRef = 7F4C0F34225685AC006E72A0 /* loginWindow.swift */; };
		7F4C0F37225782E5006E72A0 /* images in Resources */ = {isa = PBXBuildFile; fileRef = 7F4C0F36225782E5006E72A0 /* images */; };
		7FD00C70226770F000E71668 /* FirstDataSource.swift in Sources */ = {isa = PBXBuildFile; fileRef = 7FD00C6F226770F000E71668 /* FirstDataSource.swift */; };
		7FD00C722267711A00E71668 /* SecondDataSource.swift in Sources */ = {isa = PBXBuildFile; fileRef = 7FD00C712267711A00E71668 /* SecondDataSource.swift */; };
		C3C014822241DDA100CAD4FC /* csv in Resources */ = {isa = PBXBuildFile; fileRef = C3C014812241DDA100CAD4FC /* csv */; };
		C3C014862241DE3100CAD4FC /* webdriver in Resources */ = {isa = PBXBuildFile; fileRef = C3C014852241DE3100CAD4FC /* webdriver */; };
/* End PBXBuildFile section */

/* Begin PBXContainerItemProxy section */
		7F2FB5A1223BE6A40073D73A /* PBXContainerItemProxy */ = {
			isa = PBXContainerItemProxy;
			containerPortal = 7F2FB586223BE6A20073D73A /* Project object */;
			proxyType = 1;
			remoteGlobalIDString = 7F2FB58D223BE6A20073D73A;
			remoteInfo = inventorySync;
		};
		7F2FB5AC223BE6A40073D73A /* PBXContainerItemProxy */ = {
			isa = PBXContainerItemProxy;
			containerPortal = 7F2FB586223BE6A20073D73A /* Project object */;
			proxyType = 1;
			remoteGlobalIDString = 7F2FB58D223BE6A20073D73A;
			remoteInfo = inventorySync;
		};
/* End PBXContainerItemProxy section */

/* Begin PBXFileReference section */
		7F2FB58E223BE6A20073D73A /* inventorySync.app */ = {isa = PBXFileReference; explicitFileType = wrapper.application; includeInIndex = 0; path = inventorySync.app; sourceTree = BUILT_PRODUCTS_DIR; };
		7F2FB591223BE6A20073D73A /* AppDelegate.swift */ = {isa = PBXFileReference; lastKnownFileType = sourcecode.swift; path = AppDelegate.swift; sourceTree = "<group>"; };
		7F2FB595223BE6A40073D73A /* Assets.xcassets */ = {isa = PBXFileReference; lastKnownFileType = folder.assetcatalog; path = Assets.xcassets; sourceTree = "<group>"; };
		7F2FB598223BE6A40073D73A /* Base */ = {isa = PBXFileReference; lastKnownFileType = file.storyboard; name = Base; path = Base.lproj/Main.storyboard; sourceTree = "<group>"; };
		7F2FB59A223BE6A40073D73A /* Info.plist */ = {isa = PBXFileReference; lastKnownFileType = text.plist.xml; path = Info.plist; sourceTree = "<group>"; };
		7F2FB59B223BE6A40073D73A /* inventorySync.entitlements */ = {isa = PBXFileReference; lastKnownFileType = text.plist.entitlements; path = inventorySync.entitlements; sourceTree = "<group>"; };
		7F2FB5A0223BE6A40073D73A /* inventorySyncTests.xctest */ = {isa = PBXFileReference; explicitFileType = wrapper.cfbundle; includeInIndex = 0; path = inventorySyncTests.xctest; sourceTree = BUILT_PRODUCTS_DIR; };
		7F2FB5A4223BE6A40073D73A /* inventorySyncTests.swift */ = {isa = PBXFileReference; lastKnownFileType = sourcecode.swift; path = inventorySyncTests.swift; sourceTree = "<group>"; };
		7F2FB5A6223BE6A40073D73A /* Info.plist */ = {isa = PBXFileReference; lastKnownFileType = text.plist.xml; path = Info.plist; sourceTree = "<group>"; };
		7F2FB5AB223BE6A40073D73A /* inventorySyncUITests.xctest */ = {isa = PBXFileReference; explicitFileType = wrapper.cfbundle; includeInIndex = 0; path = inventorySyncUITests.xctest; sourceTree = BUILT_PRODUCTS_DIR; };
		7F2FB5AF223BE6A40073D73A /* inventorySyncUITests.swift */ = {isa = PBXFileReference; lastKnownFileType = sourcecode.swift; path = inventorySyncUITests.swift; sourceTree = "<group>"; };
		7F2FB5B1223BE6A40073D73A /* Info.plist */ = {isa = PBXFileReference; lastKnownFileType = text.plist.xml; path = Info.plist; sourceTree = "<group>"; };
		7F2FB5CD223C208E0073D73A /* python */ = {isa = PBXFileReference; lastKnownFileType = folder; path = python; sourceTree = "<group>"; };
		7F4C0F3022568298006E72A0 /* ViewController.swift */ = {isa = PBXFileReference; lastKnownFileType = sourcecode.swift; path = ViewController.swift; sourceTree = "<group>"; };
		7F4C0F34225685AC006E72A0 /* loginWindow.swift */ = {isa = PBXFileReference; lastKnownFileType = sourcecode.swift; path = loginWindow.swift; sourceTree = "<group>"; };
		7F4C0F36225782E5006E72A0 /* images */ = {isa = PBXFileReference; lastKnownFileType = folder; path = images; sourceTree = "<group>"; };
		7FD00C6F226770F000E71668 /* FirstDataSource.swift */ = {isa = PBXFileReference; lastKnownFileType = sourcecode.swift; path = FirstDataSource.swift; sourceTree = "<group>"; };
		7FD00C712267711A00E71668 /* SecondDataSource.swift */ = {isa = PBXFileReference; lastKnownFileType = sourcecode.swift; path = SecondDataSource.swift; sourceTree = "<group>"; };
		C3C014812241DDA100CAD4FC /* csv */ = {isa = PBXFileReference; lastKnownFileType = folder; path = csv; sourceTree = "<group>"; };
		C3C014852241DE3100CAD4FC /* webdriver */ = {isa = PBXFileReference; lastKnownFileType = folder; path = webdriver; sourceTree = "<group>"; };
/* End PBXFileReference section */

/* Begin PBXFrameworksBuildPhase section */
		7F2FB58B223BE6A20073D73A /* Frameworks */ = {
			isa = PBXFrameworksBuildPhase;
			buildActionMask = 2147483647;
			files = (
			);
			runOnlyForDeploymentPostprocessing = 0;
		};
		7F2FB59D223BE6A40073D73A /* Frameworks */ = {
			isa = PBXFrameworksBuildPhase;
			buildActionMask = 2147483647;
			files = (
			);
			runOnlyForDeploymentPostprocessing = 0;
		};
		7F2FB5A8223BE6A40073D73A /* Frameworks */ = {
			isa = PBXFrameworksBuildPhase;
			buildActionMask = 2147483647;
			files = (
			);
			runOnlyForDeploymentPostprocessing = 0;
		};
/* End PBXFrameworksBuildPhase section */

/* Begin PBXGroup section */
		7F2FB585223BE6A20073D73A = {
			isa = PBXGroup;
			children = (
				7F2FB590223BE6A20073D73A /* inventorySync */,
				7F2FB5A3223BE6A40073D73A /* inventorySyncTests */,
				7F2FB5AE223BE6A40073D73A /* inventorySyncUITests */,
				7F2FB58F223BE6A20073D73A /* Products */,
			);
			sourceTree = "<group>";
		};
		7F2FB58F223BE6A20073D73A /* Products */ = {
			isa = PBXGroup;
			children = (
				7F2FB58E223BE6A20073D73A /* inventorySync.app */,
				7F2FB5A0223BE6A40073D73A /* inventorySyncTests.xctest */,
				7F2FB5AB223BE6A40073D73A /* inventorySyncUITests.xctest */,
			);
			name = Products;
			sourceTree = "<group>";
		};
		7F2FB590223BE6A20073D73A /* inventorySync */ = {
			isa = PBXGroup;
			children = (
				7F4C0F36225782E5006E72A0 /* images */,
				7F2FB5CD223C208E0073D73A /* python */,
				C3C014812241DDA100CAD4FC /* csv */,
				C3C014852241DE3100CAD4FC /* webdriver */,
				7F2FB591223BE6A20073D73A /* AppDelegate.swift */,
				7F4C0F3022568298006E72A0 /* ViewController.swift */,
				7F2FB597223BE6A40073D73A /* Main.storyboard */,
				7FD00C6F226770F000E71668 /* FirstDataSource.swift */,
				7FD00C712267711A00E71668 /* SecondDataSource.swift */,
				7F2FB59A223BE6A40073D73A /* Info.plist */,
				7F2FB59B223BE6A40073D73A /* inventorySync.entitlements */,
				7F2FB595223BE6A40073D73A /* Assets.xcassets */,
				7F4C0F34225685AC006E72A0 /* loginWindow.swift */,
			);
			path = inventorySync;
			sourceTree = "<group>";
		};
		7F2FB5A3223BE6A40073D73A /* inventorySyncTests */ = {
			isa = PBXGroup;
			children = (
				7F2FB5A4223BE6A40073D73A /* inventorySyncTests.swift */,
				7F2FB5A6223BE6A40073D73A /* Info.plist */,
			);
			path = inventorySyncTests;
			sourceTree = "<group>";
		};
		7F2FB5AE223BE6A40073D73A /* inventorySyncUITests */ = {
			isa = PBXGroup;
			children = (
				7F2FB5AF223BE6A40073D73A /* inventorySyncUITests.swift */,
				7F2FB5B1223BE6A40073D73A /* Info.plist */,
			);
			path = inventorySyncUITests;
			sourceTree = "<group>";
		};
/* End PBXGroup section */

/* Begin PBXNativeTarget section */
		7F2FB58D223BE6A20073D73A /* inventorySync */ = {
			isa = PBXNativeTarget;
			buildConfigurationList = 7F2FB5B4223BE6A40073D73A /* Build configuration list for PBXNativeTarget "inventorySync" */;
			buildPhases = (
				7F2FB58A223BE6A20073D73A /* Sources */,
				7F2FB58B223BE6A20073D73A /* Frameworks */,
				7F2FB58C223BE6A20073D73A /* Resources */,
			);
			buildRules = (
			);
			dependencies = (
			);
			name = inventorySync;
			productName = inventorySync;
			productReference = 7F2FB58E223BE6A20073D73A /* inventorySync.app */;
			productType = "com.apple.product-type.application";
		};
		7F2FB59F223BE6A40073D73A /* inventorySyncTests */ = {
			isa = PBXNativeTarget;
			buildConfigurationList = 7F2FB5B7223BE6A40073D73A /* Build configuration list for PBXNativeTarget "inventorySyncTests" */;
			buildPhases = (
				7F2FB59C223BE6A40073D73A /* Sources */,
				7F2FB59D223BE6A40073D73A /* Frameworks */,
				7F2FB59E223BE6A40073D73A /* Resources */,
			);
			buildRules = (
			);
			dependencies = (
				7F2FB5A2223BE6A40073D73A /* PBXTargetDependency */,
			);
			name = inventorySyncTests;
			productName = inventorySyncTests;
			productReference = 7F2FB5A0223BE6A40073D73A /* inventorySyncTests.xctest */;
			productType = "com.apple.product-type.bundle.unit-test";
		};
		7F2FB5AA223BE6A40073D73A /* inventorySyncUITests */ = {
			isa = PBXNativeTarget;
			buildConfigurationList = 7F2FB5BA223BE6A40073D73A /* Build configuration list for PBXNativeTarget "inventorySyncUITests" */;
			buildPhases = (
				7F2FB5A7223BE6A40073D73A /* Sources */,
				7F2FB5A8223BE6A40073D73A /* Frameworks */,
				7F2FB5A9223BE6A40073D73A /* Resources */,
			);
			buildRules = (
			);
			dependencies = (
				7F2FB5AD223BE6A40073D73A /* PBXTargetDependency */,
			);
			name = inventorySyncUITests;
			productName = inventorySyncUITests;
			productReference = 7F2FB5AB223BE6A40073D73A /* inventorySyncUITests.xctest */;
			productType = "com.apple.product-type.bundle.ui-testing";
		};
/* End PBXNativeTarget section */

/* Begin PBXProject section */
		7F2FB586223BE6A20073D73A /* Project object */ = {
			isa = PBXProject;
			attributes = {
				LastSwiftUpdateCheck = 1010;
				LastUpgradeCheck = 1010;
				ORGANIZATIONNAME = "Doyle, Mark(Information Technology Services)";
				TargetAttributes = {
					7F2FB58D223BE6A20073D73A = {
						CreatedOnToolsVersion = 10.1;
						SystemCapabilities = {
							com.apple.Sandbox = {
								enabled = 0;
							};
						};
					};
					7F2FB59F223BE6A40073D73A = {
						CreatedOnToolsVersion = 10.1;
						TestTargetID = 7F2FB58D223BE6A20073D73A;
					};
					7F2FB5AA223BE6A40073D73A = {
						CreatedOnToolsVersion = 10.1;
						TestTargetID = 7F2FB58D223BE6A20073D73A;
					};
				};
			};
			buildConfigurationList = 7F2FB589223BE6A20073D73A /* Build configuration list for PBXProject "inventorySync" */;
			compatibilityVersion = "Xcode 9.3";
			developmentRegion = en;
			hasScannedForEncodings = 0;
			knownRegions = (
				en,
				Base,
			);
			mainGroup = 7F2FB585223BE6A20073D73A;
			productRefGroup = 7F2FB58F223BE6A20073D73A /* Products */;
			projectDirPath = "";
			projectRoot = "";
			targets = (
				7F2FB58D223BE6A20073D73A /* inventorySync */,
				7F2FB59F223BE6A40073D73A /* inventorySyncTests */,
				7F2FB5AA223BE6A40073D73A /* inventorySyncUITests */,
			);
		};
/* End PBXProject section */

/* Begin PBXResourcesBuildPhase section */
		7F2FB58C223BE6A20073D73A /* Resources */ = {
			isa = PBXResourcesBuildPhase;
			buildActionMask = 2147483647;
			files = (
				7F4C0F37225782E5006E72A0 /* images in Resources */,
				7F2FB5CE223C208E0073D73A /* python in Resources */,
				C3C014862241DE3100CAD4FC /* webdriver in Resources */,
				7F2FB596223BE6A40073D73A /* Assets.xcassets in Resources */,
				C3C014822241DDA100CAD4FC /* csv in Resources */,
				7F2FB599223BE6A40073D73A /* Main.storyboard in Resources */,
			);
			runOnlyForDeploymentPostprocessing = 0;
		};
		7F2FB59E223BE6A40073D73A /* Resources */ = {
			isa = PBXResourcesBuildPhase;
			buildActionMask = 2147483647;
			files = (
			);
			runOnlyForDeploymentPostprocessing = 0;
		};
		7F2FB5A9223BE6A40073D73A /* Resources */ = {
			isa = PBXResourcesBuildPhase;
			buildActionMask = 2147483647;
			files = (
			);
			runOnlyForDeploymentPostprocessing = 0;
		};
/* End PBXResourcesBuildPhase section */

/* Begin PBXSourcesBuildPhase section */
		7F2FB58A223BE6A20073D73A /* Sources */ = {
			isa = PBXSourcesBuildPhase;
			buildActionMask = 2147483647;
			files = (
				7F4C0F35225685AC006E72A0 /* loginWindow.swift in Sources */,
				7F4C0F3122568298006E72A0 /* ViewController.swift in Sources */,
				7F2FB592223BE6A20073D73A /* AppDelegate.swift in Sources */,
				7FD00C70226770F000E71668 /* FirstDataSource.swift in Sources */,
				7FD00C722267711A00E71668 /* SecondDataSource.swift in Sources */,
			);
			runOnlyForDeploymentPostprocessing = 0;
		};
		7F2FB59C223BE6A40073D73A /* Sources */ = {
			isa = PBXSourcesBuildPhase;
			buildActionMask = 2147483647;
			files = (
				7F2FB5A5223BE6A40073D73A /* inventorySyncTests.swift in Sources */,
			);
			runOnlyForDeploymentPostprocessing = 0;
		};
		7F2FB5A7223BE6A40073D73A /* Sources */ = {
			isa = PBXSourcesBuildPhase;
			buildActionMask = 2147483647;
			files = (
				7F2FB5B0223BE6A40073D73A /* inventorySyncUITests.swift in Sources */,
			);
			runOnlyForDeploymentPostprocessing = 0;
		};
/* End PBXSourcesBuildPhase section */

/* Begin PBXTargetDependency section */
		7F2FB5A2223BE6A40073D73A /* PBXTargetDependency */ = {
			isa = PBXTargetDependency;
			target = 7F2FB58D223BE6A20073D73A /* inventorySync */;
			targetProxy = 7F2FB5A1223BE6A40073D73A /* PBXContainerItemProxy */;
		};
		7F2FB5AD223BE6A40073D73A /* PBXTargetDependency */ = {
			isa = PBXTargetDependency;
			target = 7F2FB58D223BE6A20073D73A /* inventorySync */;
			targetProxy = 7F2FB5AC223BE6A40073D73A /* PBXContainerItemProxy */;
		};
/* End PBXTargetDependency section */

/* Begin PBXVariantGroup section */
		7F2FB597223BE6A40073D73A /* Main.storyboard */ = {
			isa = PBXVariantGroup;
			children = (
				7F2FB598223BE6A40073D73A /* Base */,
			);
			name = Main.storyboard;
			sourceTree = "<group>";
		};
/* End PBXVariantGroup section */

/* Begin XCBuildConfiguration section */
		7F2FB5B2223BE6A40073D73A /* Debug */ = {
			isa = XCBuildConfiguration;
			buildSettings = {
				ALWAYS_SEARCH_USER_PATHS = NO;
				CLANG_ANALYZER_NONNULL = YES;
				CLANG_ANALYZER_NUMBER_OBJECT_CONVERSION = YES_AGGRESSIVE;
				CLANG_CXX_LANGUAGE_STANDARD = "gnu++14";
				CLANG_CXX_LIBRARY = "libc++";
				CLANG_ENABLE_MODULES = YES;
				CLANG_ENABLE_OBJC_ARC = YES;
				CLANG_ENABLE_OBJC_WEAK = YES;
				CLANG_WARN_BLOCK_CAPTURE_AUTORELEASING = YES;
				CLANG_WARN_BOOL_CONVERSION = YES;
				CLANG_WARN_COMMA = YES;
				CLANG_WARN_CONSTANT_CONVERSION = YES;
				CLANG_WARN_DEPRECATED_OBJC_IMPLEMENTATIONS = YES;
				CLANG_WARN_DIRECT_OBJC_ISA_USAGE = YES_ERROR;
				CLANG_WARN_DOCUMENTATION_COMMENTS = YES;
				CLANG_WARN_EMPTY_BODY = YES;
				CLANG_WARN_ENUM_CONVERSION = YES;
				CLANG_WARN_INFINITE_RECURSION = YES;
				CLANG_WARN_INT_CONVERSION = YES;
				CLANG_WARN_NON_LITERAL_NULL_CONVERSION = YES;
				CLANG_WARN_OBJC_IMPLICIT_RETAIN_SELF = YES;
				CLANG_WARN_OBJC_LITERAL_CONVERSION = YES;
				CLANG_WARN_OBJC_ROOT_CLASS = YES_ERROR;
				CLANG_WARN_RANGE_LOOP_ANALYSIS = YES;
				CLANG_WARN_STRICT_PROTOTYPES = YES;
				CLANG_WARN_SUSPICIOUS_MOVE = YES;
				CLANG_WARN_UNGUARDED_AVAILABILITY = YES_AGGRESSIVE;
				CLANG_WARN_UNREACHABLE_CODE = YES;
				CLANG_WARN__DUPLICATE_METHOD_MATCH = YES;
				CODE_SIGN_IDENTITY = "Mac Developer";
				COPY_PHASE_STRIP = NO;
				DEBUG_INFORMATION_FORMAT = dwarf;
				ENABLE_STRICT_OBJC_MSGSEND = YES;
				ENABLE_TESTABILITY = YES;
				GCC_C_LANGUAGE_STANDARD = gnu11;
				GCC_DYNAMIC_NO_PIC = NO;
				GCC_NO_COMMON_BLOCKS = YES;
				GCC_OPTIMIZATION_LEVEL = 0;
				GCC_PREPROCESSOR_DEFINITIONS = (
					"DEBUG=1",
					"$(inherited)",
				);
				GCC_WARN_64_TO_32_BIT_CONVERSION = YES;
				GCC_WARN_ABOUT_RETURN_TYPE = YES_ERROR;
				GCC_WARN_UNDECLARED_SELECTOR = YES;
				GCC_WARN_UNINITIALIZED_AUTOS = YES_AGGRESSIVE;
				GCC_WARN_UNUSED_FUNCTION = YES;
				GCC_WARN_UNUSED_VARIABLE = YES;
				MACOSX_DEPLOYMENT_TARGET = 10.14;
				MTL_ENABLE_DEBUG_INFO = INCLUDE_SOURCE;
				MTL_FAST_MATH = YES;
				ONLY_ACTIVE_ARCH = YES;
				SDKROOT = macosx;
				SWIFT_ACTIVE_COMPILATION_CONDITIONS = DEBUG;
				SWIFT_OPTIMIZATION_LEVEL = "-Onone";
			};
			name = Debug;
		};
		7F2FB5B3223BE6A40073D73A /* Release */ = {
			isa = XCBuildConfiguration;
			buildSettings = {
				ALWAYS_SEARCH_USER_PATHS = NO;
				CLANG_ANALYZER_NONNULL = YES;
				CLANG_ANALYZER_NUMBER_OBJECT_CONVERSION = YES_AGGRESSIVE;
				CLANG_CXX_LANGUAGE_STANDARD = "gnu++14";
				CLANG_CXX_LIBRARY = "libc++";
				CLANG_ENABLE_MODULES = YES;
				CLANG_ENABLE_OBJC_ARC = YES;
				CLANG_ENABLE_OBJC_WEAK = YES;
				CLANG_WARN_BLOCK_CAPTURE_AUTORELEASING = YES;
				CLANG_WARN_BOOL_CONVERSION = YES;
				CLANG_WARN_COMMA = YES;
				CLANG_WARN_CONSTANT_CONVERSION = YES;
				CLANG_WARN_DEPRECATED_OBJC_IMPLEMENTATIONS = YES;
				CLANG_WARN_DIRECT_OBJC_ISA_USAGE = YES_ERROR;
				CLANG_WARN_DOCUMENTATION_COMMENTS = YES;
				CLANG_WARN_EMPTY_BODY = YES;
				CLANG_WARN_ENUM_CONVERSION = YES;
				CLANG_WARN_INFINITE_RECURSION = YES;
				CLANG_WARN_INT_CONVERSION = YES;
				CLANG_WARN_NON_LITERAL_NULL_CONVERSION = YES;
				CLANG_WARN_OBJC_IMPLICIT_RETAIN_SELF = YES;
				CLANG_WARN_OBJC_LITERAL_CONVERSION = YES;
				CLANG_WARN_OBJC_ROOT_CLASS = YES_ERROR;
				CLANG_WARN_RANGE_LOOP_ANALYSIS = YES;
				CLANG_WARN_STRICT_PROTOTYPES = YES;
				CLANG_WARN_SUSPICIOUS_MOVE = YES;
				CLANG_WARN_UNGUARDED_AVAILABILITY = YES_AGGRESSIVE;
				CLANG_WARN_UNREACHABLE_CODE = YES;
				CLANG_WARN__DUPLICATE_METHOD_MATCH = YES;
				CODE_SIGN_IDENTITY = "Mac Developer";
				COPY_PHASE_STRIP = NO;
				DEBUG_INFORMATION_FORMAT = "dwarf-with-dsym";
				ENABLE_NS_ASSERTIONS = NO;
				ENABLE_STRICT_OBJC_MSGSEND = YES;
				GCC_C_LANGUAGE_STANDARD = gnu11;
				GCC_NO_COMMON_BLOCKS = YES;
				GCC_WARN_64_TO_32_BIT_CONVERSION = YES;
				GCC_WARN_ABOUT_RETURN_TYPE = YES_ERROR;
				GCC_WARN_UNDECLARED_SELECTOR = YES;
				GCC_WARN_UNINITIALIZED_AUTOS = YES_AGGRESSIVE;
				GCC_WARN_UNUSED_FUNCTION = YES;
				GCC_WARN_UNUSED_VARIABLE = YES;
				MACOSX_DEPLOYMENT_TARGET = 10.14;
				MTL_ENABLE_DEBUG_INFO = NO;
				MTL_FAST_MATH = YES;
				SDKROOT = macosx;
				SWIFT_COMPILATION_MODE = wholemodule;
				SWIFT_OPTIMIZATION_LEVEL = "-O";
			};
			name = Release;
		};
		7F2FB5B5223BE6A40073D73A /* Debug */ = {
			isa = XCBuildConfiguration;
			buildSettings = {
				ASSETCATALOG_COMPILER_APPICON_NAME = AppIcon;
				CODE_SIGN_STYLE = Automatic;
				COMBINE_HIDPI_IMAGES = YES;
				DEVELOPMENT_TEAM = 8K6TR7WW7Q;
				INFOPLIST_FILE = inventorySync/Info.plist;
				LD_RUNPATH_SEARCH_PATHS = (
					"$(inherited)",
					"@executable_path/../Frameworks",
				);
				PRODUCT_BUNDLE_IDENTIFIER = com.doylema.inventorySync;
				PRODUCT_NAME = "$(TARGET_NAME)";
				SWIFT_VERSION = 4.2;
			};
			name = Debug;
		};
		7F2FB5B6223BE6A40073D73A /* Release */ = {
			isa = XCBuildConfiguration;
			buildSettings = {
				ASSETCATALOG_COMPILER_APPICON_NAME = AppIcon;
				CODE_SIGN_STYLE = Automatic;
				COMBINE_HIDPI_IMAGES = YES;
				DEVELOPMENT_TEAM = 8K6TR7WW7Q;
				INFOPLIST_FILE = inventorySync/Info.plist;
				LD_RUNPATH_SEARCH_PATHS = (
					"$(inherited)",
					"@executable_path/../Frameworks",
				);
				PRODUCT_BUNDLE_IDENTIFIER = com.doylema.inventorySync;
				PRODUCT_NAME = "$(TARGET_NAME)";
				SWIFT_VERSION = 4.2;
			};
			name = Release;
		};
		7F2FB5B8223BE6A40073D73A /* Debug */ = {
			isa = XCBuildConfiguration;
			buildSettings = {
				ALWAYS_EMBED_SWIFT_STANDARD_LIBRARIES = YES;
				BUNDLE_LOADER = "$(TEST_HOST)";
				CODE_SIGN_STYLE = Automatic;
				COMBINE_HIDPI_IMAGES = YES;
				DEVELOPMENT_TEAM = 8K6TR7WW7Q;
				INFOPLIST_FILE = inventorySyncTests/Info.plist;
				LD_RUNPATH_SEARCH_PATHS = (
					"$(inherited)",
					"@executable_path/../Frameworks",
					"@loader_path/../Frameworks",
				);
				PRODUCT_BUNDLE_IDENTIFIER = com.doylema.inventorySyncTests;
				PRODUCT_NAME = "$(TARGET_NAME)";
				SWIFT_VERSION = 4.2;
				TEST_HOST = "$(BUILT_PRODUCTS_DIR)/inventorySync.app/Contents/MacOS/inventorySync";
			};
			name = Debug;
		};
		7F2FB5B9223BE6A40073D73A /* Release */ = {
			isa = XCBuildConfiguration;
			buildSettings = {
				ALWAYS_EMBED_SWIFT_STANDARD_LIBRARIES = YES;
				BUNDLE_LOADER = "$(TEST_HOST)";
				CODE_SIGN_STYLE = Automatic;
				COMBINE_HIDPI_IMAGES = YES;
				DEVELOPMENT_TEAM = 8K6TR7WW7Q;
				INFOPLIST_FILE = inventorySyncTests/Info.plist;
				LD_RUNPATH_SEARCH_PATHS = (
					"$(inherited)",
					"@executable_path/../Frameworks",
					"@loader_path/../Frameworks",
				);
				PRODUCT_BUNDLE_IDENTIFIER = com.doylema.inventorySyncTests;
				PRODUCT_NAME = "$(TARGET_NAME)";
				SWIFT_VERSION = 4.2;
				TEST_HOST = "$(BUILT_PRODUCTS_DIR)/inventorySync.app/Contents/MacOS/inventorySync";
			};
			name = Release;
		};
		7F2FB5BB223BE6A40073D73A /* Debug */ = {
			isa = XCBuildConfiguration;
			buildSettings = {
				ALWAYS_EMBED_SWIFT_STANDARD_LIBRARIES = YES;
				CODE_SIGN_STYLE = Automatic;
				COMBINE_HIDPI_IMAGES = YES;
				DEVELOPMENT_TEAM = 8K6TR7WW7Q;
				INFOPLIST_FILE = inventorySyncUITests/Info.plist;
				LD_RUNPATH_SEARCH_PATHS = (
					"$(inherited)",
					"@executable_path/../Frameworks",
					"@loader_path/../Frameworks",
				);
				PRODUCT_BUNDLE_IDENTIFIER = com.doylema.inventorySyncUITests;
				PRODUCT_NAME = "$(TARGET_NAME)";
				SWIFT_VERSION = 4.2;
				TEST_TARGET_NAME = inventorySync;
			};
			name = Debug;
		};
		7F2FB5BC223BE6A40073D73A /* Release */ = {
			isa = XCBuildConfiguration;
			buildSettings = {
				ALWAYS_EMBED_SWIFT_STANDARD_LIBRARIES = YES;
				CODE_SIGN_STYLE = Automatic;
				COMBINE_HIDPI_IMAGES = YES;
				DEVELOPMENT_TEAM = 8K6TR7WW7Q;
				INFOPLIST_FILE = inventorySyncUITests/Info.plist;
				LD_RUNPATH_SEARCH_PATHS = (
					"$(inherited)",
					"@executable_path/../Frameworks",
					"@loader_path/../Frameworks",
				);
				PRODUCT_BUNDLE_IDENTIFIER = com.doylema.inventorySyncUITests;
				PRODUCT_NAME = "$(TARGET_NAME)";
				SWIFT_VERSION = 4.2;
				TEST_TARGET_NAME = inventorySync;
			};
			name = Release;
		};
/* End XCBuildConfiguration section */

/* Begin XCConfigurationList section */
		7F2FB589223BE6A20073D73A /* Build configuration list for PBXProject "inventorySync" */ = {
			isa = XCConfigurationList;
			buildConfigurations = (
				7F2FB5B2223BE6A40073D73A /* Debug */,
				7F2FB5B3223BE6A40073D73A /* Release */,
			);
			defaultConfigurationIsVisible = 0;
			defaultConfigurationName = Release;
		};
		7F2FB5B4223BE6A40073D73A /* Build configuration list for PBXNativeTarget "inventorySync" */ = {
			isa = XCConfigurationList;
			buildConfigurations = (
				7F2FB5B5223BE6A40073D73A /* Debug */,
				7F2FB5B6223BE6A40073D73A /* Release */,
			);
			defaultConfigurationIsVisible = 0;
			defaultConfigurationName = Release;
		};
		7F2FB5B7223BE6A40073D73A /* Build configuration list for PBXNativeTarget "inventorySyncTests" */ = {
			isa = XCConfigurationList;
			buildConfigurations = (
				7F2FB5B8223BE6A40073D73A /* Debug */,
				7F2FB5B9223BE6A40073D73A /* Release */,
			);
			defaultConfigurationIsVisible = 0;
			defaultConfigurationName = Release;
		};
		7F2FB5BA223BE6A40073D73A /* Build configuration list for PBXNativeTarget "inventorySyncUITests" */ = {
			isa = XCConfigurationList;
			buildConfigurations = (
				7F2FB5BB223BE6A40073D73A /* Debug */,
				7F2FB5BC223BE6A40073D73A /* Release */,
			);
			defaultConfigurationIsVisible = 0;
			defaultConfigurationName = Release;
		};
/* End XCConfigurationList section */
	};
	rootObject = 7F2FB586223BE6A20073D73A /* Project object */;
}
